
Microsoft Visual Studio Solution File, Format Version 12.00
# Visual Studio 14
VisualStudioVersion = 14.0.25420.1
MinimumVisualStudioVersion = 10.0.40219.1
Project("{888888A0-9F3D-457C-B088-3A5042F75D52}") = "Motion Capture", "Motion Capture\Motion Capture.pyproj", "{6261DDF2-53DC-4340-81E4-0A5BAC060AC2}"
EndProject
Project("{888888A0-9F3D-457C-B088-3A5042F75D52}") = "DataVisualizer", "DataVisualizer\DataVisualizer.pyproj", "{A3B3B157-F9FA-4AF1-897C-BE05B62EF230}"
EndProject
Global
	GlobalSection(SolutionConfigurationPlatforms) = preSolution
		Debug|Any CPU = Debug|Any CPU
		Release|Any CPU = Release|Any CPU
	EndGlobalSection
	GlobalSection(ProjectConfigurationPlatforms) = postSolution
		{6261DDF2-53DC-4340-81E4-0A5BAC060AC2}.Debug|Any CPU.ActiveCfg = Debug|Any CPU
		{6261DDF2-53DC-4340-81E4-0A5BAC060AC2}.Release|Any CPU.ActiveCfg = Release|Any CPU
		{A3B3B157-F9FA-4AF1-897C-BE05B62EF230}.Debug|Any CPU.ActiveCfg = Debug|Any CPU
		{A3B3B157-F9FA-4AF1-897C-BE05B62EF230}.Release|Any CPU.ActiveCfg = Release|Any CPU
	EndGlobalSection
	GlobalSection(SolutionProperties) = preSolution
		HideSolutionNode = FALSE
	EndGlobalSection
EndGlobal
